
Microsoft Visual Studio Solution File, Format Version 12.00
# Visual Studio Version 17
VisualStudioVersion = 17.11.35312.102
MinimumVisualStudioVersion = 10.0.40219.1
Project("{FAE04EC0-301F-11D3-BF4B-00C04F79EFBC}") = "LoginApp", "LoginApp\LoginApp.csproj", "{33FC7A71-CCF4-46FA-A851-79982D7207E5}"
EndProject
Global
	GlobalSection(SolutionConfigurationPlatforms) = preSolution
		Debug|Any CPU = Debug|Any CPU
		Release|Any CPU = Release|Any CPU
	EndGlobalSection
	GlobalSection(ProjectConfigurationPlatforms) = postSolution
		{33FC7A71-CCF4-46FA-A851-79982D7207E5}.Debug|Any CPU.ActiveCfg = Debug|Any CPU
		{33FC7A71-CCF4-46FA-A851-79982D7207E5}.Debug|Any CPU.Build.0 = Debug|Any CPU
		{33FC7A71-CCF4-46FA-A851-79982D7207E5}.Release|Any CPU.ActiveCfg = Release|Any CPU
		{33FC7A71-CCF4-46FA-A851-79982D7207E5}.Release|Any CPU.Build.0 = Release|Any CPU
	EndGlobalSection
	GlobalSection(SolutionProperties) = preSolution
		HideSolutionNode = FALSE
	EndGlobalSection
	GlobalSection(ExtensibilityGlobals) = postSolution
		SolutionGuid = {D28A50A0-9EC1-49C7-B0E3-234CF132777D}
	EndGlobalSection
EndGlobal
